{
  "name": "xbee-node",
  "version": "1.0.0",
  "lockfileVersion": 1,
  "requires": true,
  "dependencies": {
    "buffer-builder": {
      "version": "0.2.0",
      "resolved": "https://registry.npmjs.org/buffer-builder/-/buffer-builder-0.2.0.tgz",
      "integrity": "sha1-MyLNMH2Cltqx9gRhhZOyYaP63o8="
    },
    "buffer-reader": {
      "version": "https://github.com/prodatakey/node-buffer-reader/archive/v0.0.3.tar.gz",
      "integrity": "sha512-AZs2LZxnlaamokPM5m6lm1KLvTqDS0gtZ16upbv4MNNNet5NGysxvVWgRyB14ZIq+MnSO4xL09SnHg5zaKrQHA=="
    },
    "safe-buffer": {
      "version": "5.0.1",
      "resolved": "https://registry.npmjs.org/safe-buffer/-/safe-buffer-5.0.1.tgz",
      "integrity": "sha1-0mPKVGls2KMGtcplUekt5XkY++c="
    },
    "xbee-api": {
      "version": "0.6.0",
      "resolved": "https://registry.npmjs.org/xbee-api/-/xbee-api-0.6.0.tgz",
      "integrity": "sha512-El+s/ZO4vteWqdqRfOB6rfOS6Vo9SxsPphuS6USEG4bqlxxJv4rdJkOs1D7g6yrkvt47VPNt7Ng/SDDsfDK8Hg==",
      "requires": {
        "buffer-builder": "^0.2.0",
        "buffer-reader": "https://github.com/prodatakey/node-buffer-reader/archive/v0.0.3.tar.gz",
        "safe-buffer": "~5.0.1"
      }
    }
  }
}
